{
  "lockfile_version": "1",
  "packages": {
    "github:NixOS/nixpkgs/nixpkgs-unstable": {
      "last_modified": "2026-02-24T08:56:33Z",
      "resolved": "github:NixOS/nixpkgs/ea7f1f06811ce7fcc81d6c6fd4213150c23edcf2?lastModified=1771923393&narHash=sha256-Fy0%2BUXELv9hOE8WjYhJt8fMDLYTU2Dqn3cX4BwoGBos%3D"
    },
    "postgresql@latest": {
      "last_modified": "2026-02-24T08:56:33Z",
      "plugin_version": "0.0.2",
      "resolved": "github:NixOS/nixpkgs/ea7f1f06811ce7fcc81d6c6fd4213150c23edcf2#postgresql",
      "source": "devbox-search",
      "version": "17.8",
      "systems": {
        "aarch64-darwin": {
          "outputs": [
            {
              "name": "out",
              "path": "/nix/store/rszkdlfbhmpncdpsabkyj0mlsqyj6923-postgresql-17.8",
              "default": true
            },
            {
              "name": "man",
              "path": "/nix/store/c1zbv3lahkgy3csygk7j3q96rgwjjxzs-postgresql-17.8-man",
              "default": true
            },
            {
              "name": "doc",
              "path": "/nix/store/wvv14rx2w0md8dmzi41lfhlz3j279731-postgresql-17.8-doc"
            },
            {
              "name": "jit",
              "path": "/nix/store/vdnhmk6xsq7dbypgmfh2bwr1f1h8561v-postgresql-17.8-jit"
            },
            {
              "name": "lib",
              "path": "/nix/store/qwh7fylqi27xbaw0qzz1ja9vrffa8n3d-postgresql-17.8-lib"
            },
            {
              "name": "plpython3",
              "path": "/nix/store/ahgl3667c8xlxm66kihvz8lw463lkbmz-postgresql-17.8-plpython3"
            },
            {
              "name": "pltcl",
              "path": "/nix/store/vbg744r1ms2rapch2knzh1nsmyvn5awg-postgresql-17.8-pltcl"
            },
            {
              "name": "plperl",
              "path": "/nix/store/ac88lslhxr4gndgp97idfl614l040wa0-postgresql-17.8-plperl"
            },
            {
              "name": "dev",
              "path": "/nix/store/31fqdah00n9cmfhv7ysgb2128r3iz7f6-postgresql-17.8-dev"
            }
          ],
          "store_path": "/nix/store/rszkdlfbhmpncdpsabkyj0mlsqyj6923-postgresql-17.8"
        },
        "aarch64-linux": {
          "outputs": [
            {
              "name": "out",
              "path": "/nix/store/567pz9ld5zvag4608nqcplw2kiljrwzr-postgresql-17.8",
              "default": true
            },
            {
              "name": "man",
              "path": "/nix/store/vmljx3hp0mlpgjzyy26clwrk3pqqvjv4-postgresql-17.8-man",
              "default": true
            },
            {
              "name": "doc",
              "path": "/nix/store/bq6c5ildvznqkvns73s7z0kn6fjnfw35-postgresql-17.8-doc"
            },
            {
              "name": "lib",
              "path": "/nix/store/mp80mvzjab5mc9ww6kqdmhzpys47wdkm-postgresql-17.8-lib"
            },
            {
              "name": "plperl",
              "path": "/nix/store/0dl6175r4yxlgk85azki3ygv9kisb8fc-postgresql-17.8-plperl"
            },
            {
              "name": "debug",
              "path": "/nix/store/2bz7q6z4867nsk6fyj7wk9hfiy5sif1h-postgresql-17.8-debug"
            },
            {
              "name": "dev",
              "path": "/nix/store/xxi8i0z6qfhqv2mkzbdflx3rk078adjb-postgresql-17.8-dev"
            },
            {
              "name": "jit",
              "path": "/nix/store/81c4g1zj0188g14rk7svv24ss70r6h9h-postgresql-17.8-jit"
            },
            {
              "name": "plpython3",
              "path": "/nix/store/31dz0fhfabh46d8bg62djhfag1hh5qgx-postgresql-17.8-plpython3"
            },
            {
              "name": "pltcl",
              "path": "/nix/store/3dydj4n2240kwdib31ax4bxi5573p36g-postgresql-17.8-pltcl"
            }
          ],
          "store_path": "/nix/store/567pz9ld5zvag4608nqcplw2kiljrwzr-postgresql-17.8"
        },
        "x86_64-darwin": {
          "outputs": [
            {
              "name": "out",
              "path": "/nix/store/sz66j4qd02w9krsvqzjy293xmz6xdmjq-postgresql-17.8",
              "default": true
            },
            {
              "name": "man",
              "path": "/nix/store/ghqhlagv7d28n75avdkg4pa3lf4hn4r1-postgresql-17.8-man",
              "default": true
            },
            {
              "name": "dev",
              "path": "/nix/store/xql2ly5jqsjy4n3a78kadfi2i6rv062z-postgresql-17.8-dev"
            },
            {
              "name": "doc",
              "path": "/nix/store/qj563if2aridhz4lv1591fs67vjjjic3-postgresql-17.8-doc"
            },
            {
              "name": "lib",
              "path": "/nix/store/rp7gg54i1si8659fg30ldlgkq4b7zbx1-postgresql-17.8-lib"
            },
            {
              "name": "pltcl",
              "path": "/nix/store/xi8dvgilicmdy81jvxzv7i35qrncpxja-postgresql-17.8-pltcl"
            },
            {
              "name": "jit",
              "path": "/nix/store/ybx3bhjr5r1xf83mxg0ncgwqz4anggk8-postgresql-17.8-jit"
            },
            {
              "name": "plperl",
              "path": "/nix/store/m36cng79j49hfafivfxvyczwqgx1nbnz-postgresql-17.8-plperl"
            },
            {
              "name": "plpython3",
              "path": "/nix/store/s0y2y3zwq29wkx0b4zi0sg0h32wrsi0g-postgresql-17.8-plpython3"
            }
          ],
          "store_path": "/nix/store/sz66j4qd02w9krsvqzjy293xmz6xdmjq-postgresql-17.8"
        },
        "x86_64-linux": {
          "outputs": [
            {
              "name": "out",
              "path": "/nix/store/y7dxkimrcga2y8hhyn4p11g4124ar5ly-postgresql-17.8",
              "default": true
            },
            {
              "name": "man",
              "path": "/nix/store/r5iwbrdggixf71jm7bhy0j7xsdjyd6ji-postgresql-17.8-man",
              "default": true
            },
            {
              "name": "dev",
              "path": "/nix/store/xydgaqq7mhh4mz8yl02ymbmqs06392p6-postgresql-17.8-dev"
            },
            {
              "name": "doc",
              "path": "/nix/store/85zrhzp2f9rb2kjax7p0d1r5m7pngi7f-postgresql-17.8-doc"
            },
            {
              "name": "lib",
              "path": "/nix/store/rjzzxaj940qidr3gf31kr2sankgxm1yv-postgresql-17.8-lib"
            },
            {
              "name": "pltcl",
              "path": "/nix/store/jb3pf70fqg3i1xi01306a9w9c114ngy3-postgresql-17.8-pltcl"
            },
            {
              "name": "debug",
              "path": "/nix/store/m4mz4nm4l3wcas52n8mxcp90w09sjhb2-postgresql-17.8-debug"
            },
            {
              "name": "jit",
              "path": "/nix/store/6ld351f2d533bwvqa0xi6l52r3iqwg40-postgresql-17.8-jit"
            },
            {
              "name": "plperl",
              "path": "/nix/store/6lpzdjaw8y2kqql5vg95id78an8ax8rp-postgresql-17.8-plperl"
            },
            {
              "name": "plpython3",
              "path": "/nix/store/wj6ib93nm1d02wl5nv50naigypnh6k4i-postgresql-17.8-plpython3"
            }
          ],
          "store_path": "/nix/store/y7dxkimrcga2y8hhyn4p11g4124ar5ly-postgresql-17.8"
        }
      }
    }
  }
}
